
Microsoft Visual Studio Solution File, Format Version 12.00
# Visual Studio 15
VisualStudioVersion = 15.0.26124.0
MinimumVisualStudioVersion = 15.0.26124.0
Project("{2150E333-8FDC-42A3-9474-1A3956D46DE8}") = "src", "src", "{3A8BECB9-DF22-4724-98A8-4849DDF7A7F4}"
EndProject
Project("{FAE04EC0-301F-11D3-BF4B-00C04F79EFBC}") = "GameZone", "src\GameZone\GameZone.csproj", "{1296A11E-BABB-43A5-BE09-4B9FF86D75C8}"
EndProject
Project("{2150E333-8FDC-42A3-9474-1A3956D46DE8}") = "tests", "tests", "{EBFD948D-EA39-42C4-BD02-2FC2D0D8B6ED}"
EndProject
Project("{FAE04EC0-301F-11D3-BF4B-00C04F79EFBC}") = "GameZone.Tests", "tests\GameZone.Tests\GameZone.Tests.csproj", "{F5342CC2-C68E-418F-9684-C9C0DE22F720}"
EndProject
Global
	GlobalSection(SolutionConfigurationPlatforms) = preSolution
		Debug|Any CPU = Debug|Any CPU
		Debug|x64 = Debug|x64
		Debug|x86 = Debug|x86
		Release|Any CPU = Release|Any CPU
		Release|x64 = Release|x64
		Release|x86 = Release|x86
	EndGlobalSection
	GlobalSection(SolutionProperties) = preSolution
		HideSolutionNode = FALSE
	EndGlobalSection
	GlobalSection(ProjectConfigurationPlatforms) = postSolution
		{1296A11E-BABB-43A5-BE09-4B9FF86D75C8}.Debug|Any CPU.ActiveCfg = Debug|Any CPU
		{1296A11E-BABB-43A5-BE09-4B9FF86D75C8}.Debug|Any CPU.Build.0 = Debug|Any CPU
		{1296A11E-BABB-43A5-BE09-4B9FF86D75C8}.Debug|x64.ActiveCfg = Debug|Any CPU
		{1296A11E-BABB-43A5-BE09-4B9FF86D75C8}.Debug|x64.Build.0 = Debug|Any CPU
		{1296A11E-BABB-43A5-BE09-4B9FF86D75C8}.Debug|x86.ActiveCfg = Debug|Any CPU
		{1296A11E-BABB-43A5-BE09-4B9FF86D75C8}.Debug|x86.Build.0 = Debug|Any CPU
		{1296A11E-BABB-43A5-BE09-4B9FF86D75C8}.Release|Any CPU.ActiveCfg = Release|Any CPU
		{1296A11E-BABB-43A5-BE09-4B9FF86D75C8}.Release|Any CPU.Build.0 = Release|Any CPU
		{1296A11E-BABB-43A5-BE09-4B9FF86D75C8}.Release|x64.ActiveCfg = Release|Any CPU
		{1296A11E-BABB-43A5-BE09-4B9FF86D75C8}.Release|x64.Build.0 = Release|Any CPU
		{1296A11E-BABB-43A5-BE09-4B9FF86D75C8}.Release|x86.ActiveCfg = Release|Any CPU
		{1296A11E-BABB-43A5-BE09-4B9FF86D75C8}.Release|x86.Build.0 = Release|Any CPU
		{F5342CC2-C68E-418F-9684-C9C0DE22F720}.Debug|Any CPU.ActiveCfg = Debug|Any CPU
		{F5342CC2-C68E-418F-9684-C9C0DE22F720}.Debug|Any CPU.Build.0 = Debug|Any CPU
		{F5342CC2-C68E-418F-9684-C9C0DE22F720}.Debug|x64.ActiveCfg = Debug|Any CPU
		{F5342CC2-C68E-418F-9684-C9C0DE22F720}.Debug|x64.Build.0 = Debug|Any CPU
		{F5342CC2-C68E-418F-9684-C9C0DE22F720}.Debug|x86.ActiveCfg = Debug|Any CPU
		{F5342CC2-C68E-418F-9684-C9C0DE22F720}.Debug|x86.Build.0 = Debug|Any CPU
		{F5342CC2-C68E-418F-9684-C9C0DE22F720}.Release|Any CPU.ActiveCfg = Release|Any CPU
		{F5342CC2-C68E-418F-9684-C9C0DE22F720}.Release|Any CPU.Build.0 = Release|Any CPU
		{F5342CC2-C68E-418F-9684-C9C0DE22F720}.Release|x64.ActiveCfg = Release|Any CPU
		{F5342CC2-C68E-418F-9684-C9C0DE22F720}.Release|x64.Build.0 = Release|Any CPU
		{F5342CC2-C68E-418F-9684-C9C0DE22F720}.Release|x86.ActiveCfg = Release|Any CPU
		{F5342CC2-C68E-418F-9684-C9C0DE22F720}.Release|x86.Build.0 = Release|Any CPU
	EndGlobalSection
	GlobalSection(NestedProjects) = preSolution
		{1296A11E-BABB-43A5-BE09-4B9FF86D75C8} = {3A8BECB9-DF22-4724-98A8-4849DDF7A7F4}
		{F5342CC2-C68E-418F-9684-C9C0DE22F720} = {EBFD948D-EA39-42C4-BD02-2FC2D0D8B6ED}
	EndGlobalSection
EndGlobal
